{
  "name": "@saas/auth",
  "version": "0.0.0",
  "lockfileVersion": 3,
  "requires": true,
  "packages": {
    "": {
      "name": "@saas/auth",
      "version": "0.0.0",
      "devDependencies": {
        "@saas/eslint-config": "file:../../config/eslint",
        "@saas/prettier": "file:../../config/prettier",
        "@saas/tsconfig": "file:../../config/tsconfig"
      }
    },
    "../../config/eslint": {
      "dev": true
    },
    "../../config/prettier": {
      "name": "@saas/prettier",
      "version": "0.0.0",
      "dev": true,
      "devDependencies": {
        "prettier": "^3.2.5",
        "prettier-plugin-tailwindcss": "^0.5.14"
      }
    },
    "../../config/tsconfig": {
      "dev": true
    },
    "node_modules/@saas/eslint-config": {
      "resolved": "../../config/eslint",
      "link": true
    },
    "node_modules/@saas/prettier": {
      "resolved": "../../config/prettier",
      "link": true
    },
    "node_modules/@saas/tsconfig": {
      "resolved": "../../config/tsconfig",
      "link": true
    }
  }
}
